
Microsoft Visual Studio Solution File, Format Version 12.00
# Visual Studio Version 17
VisualStudioVersion = 17.0.31903.59
MinimumVisualStudioVersion = 10.0.40219.1
Project("{FAE04EC0-301F-11D3-BF4B-00C04F79EFBC}") = "OmniAudioStudio.Desktop", "OmniAudioStudio.Desktop\OmniAudioStudio.Desktop.csproj", "{5B0B4C8E-3FEC-43BE-981B-FD82B18485B5}"
EndProject
Project("{FAE04EC0-301F-11D3-BF4B-00C04F79EFBC}") = "OmniAudioStudio.Tests", "OmniAudioStudio.Tests\OmniAudioStudio.Tests.csproj", "{A0B5A150-3A7F-41C9-92BA-E7C404BD9403}"
EndProject
Global
	GlobalSection(SolutionConfigurationPlatforms) = preSolution
		Debug|Any CPU = Debug|Any CPU
		Release|Any CPU = Release|Any CPU
	EndGlobalSection
	GlobalSection(SolutionProperties) = preSolution
		HideSolutionNode = FALSE
	EndGlobalSection
	GlobalSection(ProjectConfigurationPlatforms) = postSolution
		{5B0B4C8E-3FEC-43BE-981B-FD82B18485B5}.Debug|Any CPU.ActiveCfg = Debug|Any CPU
		{5B0B4C8E-3FEC-43BE-981B-FD82B18485B5}.Debug|Any CPU.Build.0 = Debug|Any CPU
		{5B0B4C8E-3FEC-43BE-981B-FD82B18485B5}.Release|Any CPU.ActiveCfg = Release|Any CPU
		{5B0B4C8E-3FEC-43BE-981B-FD82B18485B5}.Release|Any CPU.Build.0 = Release|Any CPU
		{A0B5A150-3A7F-41C9-92BA-E7C404BD9403}.Debug|Any CPU.ActiveCfg = Debug|Any CPU
		{A0B5A150-3A7F-41C9-92BA-E7C404BD9403}.Debug|Any CPU.Build.0 = Debug|Any CPU
		{A0B5A150-3A7F-41C9-92BA-E7C404BD9403}.Release|Any CPU.ActiveCfg = Release|Any CPU
		{A0B5A150-3A7F-41C9-92BA-E7C404BD9403}.Release|Any CPU.Build.0 = Release|Any CPU
	EndGlobalSection
EndGlobal
